
Microsoft Visual Studio Solution File, Format Version 12.00
# Visual Studio Version 17
VisualStudioVersion = 17.1.32414.318
MinimumVisualStudioVersion = 10.0.40219.1
Project("{9A19103F-16F7-4668-BE54-9A1E7A4F7556}") = "Dyalect", "Dyalect\Dyalect.csproj", "{23F4BAA6-838A-4F92-8D80-1BFB09507B3D}"
EndProject
Project("{9A19103F-16F7-4668-BE54-9A1E7A4F7556}") = "Dyalect.Library", "Dyalect.Library\Dyalect.Library.csproj", "{9BC82D77-54B0-44DF-B8B0-93E3A00365A0}"
EndProject
Project("{2150E333-8FDC-42A3-9474-1A3956D46DE8}") = "Common", "Common", "{F07E65FE-36DA-4666-84D4-5B5D9050EB30}"
	ProjectSection(SolutionItems) = preProject
		Common\dy.png = Common\dy.png
		Common\Meta.cs = Common\Meta.cs
	EndProjectSection
EndProject
Project("{9A19103F-16F7-4668-BE54-9A1E7A4F7556}") = "Dyalect.Console", "Dyalect.Console\Dyalect.Console.csproj", "{35777D7A-C304-45E8-9323-088298491476}"
EndProject
Project("{2150E333-8FDC-42A3-9474-1A3956D46DE8}") = "Docs", "Docs", "{CF92CF03-87D2-47AD-BCE7-2AA9A43D8E2D}"
	ProjectSection(SolutionItems) = preProject
		Docs\Archive.md = Docs\Archive.md
		Docs\badges.txt = Docs\badges.txt
		Docs\Changes.md = Docs\Changes.md
		LICENSE = LICENSE
		README.md = README.md
		Docs\TestResult.md = Docs\TestResult.md
	EndProjectSection
EndProject
Project("{9A19103F-16F7-4668-BE54-9A1E7A4F7556}") = "Dyalect.UnitTests", "Dyalect.UnitTests\Dyalect.UnitTests.csproj", "{52B56E24-8E1B-4953-B5D0-470A85089FB2}"
EndProject
Project("{FAE04EC0-301F-11D3-BF4B-00C04F79EFBC}") = "Dyalect.Generators", "Dyalect.Generators\Dyalect.Generators.csproj", "{7FE21DF6-46E9-4C25-9F2D-A66A26C68ECA}"
EndProject
Global
	GlobalSection(SolutionConfigurationPlatforms) = preSolution
		Debug|Any CPU = Debug|Any CPU
		DebugGenerators|Any CPU = DebugGenerators|Any CPU
		Release|Any CPU = Release|Any CPU
	EndGlobalSection
	GlobalSection(ProjectConfigurationPlatforms) = postSolution
		{23F4BAA6-838A-4F92-8D80-1BFB09507B3D}.Debug|Any CPU.ActiveCfg = Debug|Any CPU
		{23F4BAA6-838A-4F92-8D80-1BFB09507B3D}.Debug|Any CPU.Build.0 = Debug|Any CPU
		{23F4BAA6-838A-4F92-8D80-1BFB09507B3D}.DebugGenerators|Any CPU.ActiveCfg = DebugGenerators|Any CPU
		{23F4BAA6-838A-4F92-8D80-1BFB09507B3D}.DebugGenerators|Any CPU.Build.0 = DebugGenerators|Any CPU
		{23F4BAA6-838A-4F92-8D80-1BFB09507B3D}.Release|Any CPU.ActiveCfg = Release|Any CPU
		{23F4BAA6-838A-4F92-8D80-1BFB09507B3D}.Release|Any CPU.Build.0 = Release|Any CPU
		{9BC82D77-54B0-44DF-B8B0-93E3A00365A0}.Debug|Any CPU.ActiveCfg = Debug|Any CPU
		{9BC82D77-54B0-44DF-B8B0-93E3A00365A0}.Debug|Any CPU.Build.0 = Debug|Any CPU
		{9BC82D77-54B0-44DF-B8B0-93E3A00365A0}.DebugGenerators|Any CPU.ActiveCfg = DebugGenerators|Any CPU
		{9BC82D77-54B0-44DF-B8B0-93E3A00365A0}.DebugGenerators|Any CPU.Build.0 = DebugGenerators|Any CPU
		{9BC82D77-54B0-44DF-B8B0-93E3A00365A0}.Release|Any CPU.ActiveCfg = Release|Any CPU
		{9BC82D77-54B0-44DF-B8B0-93E3A00365A0}.Release|Any CPU.Build.0 = Release|Any CPU
		{35777D7A-C304-45E8-9323-088298491476}.Debug|Any CPU.ActiveCfg = Debug|Any CPU
		{35777D7A-C304-45E8-9323-088298491476}.Debug|Any CPU.Build.0 = Debug|Any CPU
		{35777D7A-C304-45E8-9323-088298491476}.DebugGenerators|Any CPU.ActiveCfg = DebugGenerators|Any CPU
		{35777D7A-C304-45E8-9323-088298491476}.DebugGenerators|Any CPU.Build.0 = DebugGenerators|Any CPU
		{35777D7A-C304-45E8-9323-088298491476}.Release|Any CPU.ActiveCfg = Release|Any CPU
		{35777D7A-C304-45E8-9323-088298491476}.Release|Any CPU.Build.0 = Release|Any CPU
		{52B56E24-8E1B-4953-B5D0-470A85089FB2}.Debug|Any CPU.ActiveCfg = Debug|Any CPU
		{52B56E24-8E1B-4953-B5D0-470A85089FB2}.Debug|Any CPU.Build.0 = Debug|Any CPU
		{52B56E24-8E1B-4953-B5D0-470A85089FB2}.DebugGenerators|Any CPU.ActiveCfg = DebugGenerators|Any CPU
		{52B56E24-8E1B-4953-B5D0-470A85089FB2}.DebugGenerators|Any CPU.Build.0 = DebugGenerators|Any CPU
		{52B56E24-8E1B-4953-B5D0-470A85089FB2}.Release|Any CPU.ActiveCfg = Release|Any CPU
		{52B56E24-8E1B-4953-B5D0-470A85089FB2}.Release|Any CPU.Build.0 = Release|Any CPU
		{7FE21DF6-46E9-4C25-9F2D-A66A26C68ECA}.Debug|Any CPU.ActiveCfg = Debug|Any CPU
		{7FE21DF6-46E9-4C25-9F2D-A66A26C68ECA}.Debug|Any CPU.Build.0 = Debug|Any CPU
		{7FE21DF6-46E9-4C25-9F2D-A66A26C68ECA}.DebugGenerators|Any CPU.ActiveCfg = DebugGenerators|Any CPU
		{7FE21DF6-46E9-4C25-9F2D-A66A26C68ECA}.DebugGenerators|Any CPU.Build.0 = DebugGenerators|Any CPU
		{7FE21DF6-46E9-4C25-9F2D-A66A26C68ECA}.Release|Any CPU.ActiveCfg = Release|Any CPU
		{7FE21DF6-46E9-4C25-9F2D-A66A26C68ECA}.Release|Any CPU.Build.0 = Release|Any CPU
	EndGlobalSection
	GlobalSection(SolutionProperties) = preSolution
		HideSolutionNode = FALSE
	EndGlobalSection
	GlobalSection(ExtensibilityGlobals) = postSolution
		SolutionGuid = {372D4D76-B9AB-4F57-AF89-4C99BCEECECA}
	EndGlobalSection
EndGlobal
