
Microsoft Visual Studio Solution File, Format Version 12.00
# Visual Studio Version 16
VisualStudioVersion = 16.0.31313.79
MinimumVisualStudioVersion = 10.0.40219.1
Project("{9A19103F-16F7-4668-BE54-9A1E7A4F7556}") = "DyalectService", "DyalectService.csproj", "{C6B08CC1-BA26-424B-AA67-2BAB6A1C1050}"
EndProject
Global
	GlobalSection(SolutionConfigurationPlatforms) = preSolution
		Debug|Any CPU = Debug|Any CPU
		Release|Any CPU = Release|Any CPU
	EndGlobalSection
	GlobalSection(ProjectConfigurationPlatforms) = postSolution
		{C6B08CC1-BA26-424B-AA67-2BAB6A1C1050}.Debug|Any CPU.ActiveCfg = Debug|Any CPU
		{C6B08CC1-BA26-424B-AA67-2BAB6A1C1050}.Debug|Any CPU.Build.0 = Debug|Any CPU
		{C6B08CC1-BA26-424B-AA67-2BAB6A1C1050}.Release|Any CPU.ActiveCfg = Release|Any CPU
		{C6B08CC1-BA26-424B-AA67-2BAB6A1C1050}.Release|Any CPU.Build.0 = Release|Any CPU
	EndGlobalSection
	GlobalSection(SolutionProperties) = preSolution
		HideSolutionNode = FALSE
	EndGlobalSection
	GlobalSection(ExtensibilityGlobals) = postSolution
		SolutionGuid = {34FF906C-340B-4659-A7B4-66382C19B31F}
	EndGlobalSection
EndGlobal
