
Microsoft Visual Studio Solution File, Format Version 12.00
# Visual Studio Version 16
VisualStudioVersion = 16.0.28729.10
MinimumVisualStudioVersion = 10.0.40219.1
Project("{9A19103F-16F7-4668-BE54-9A1E7A4F7556}") = "Dyalect", "Dyalect\Dyalect.csproj", "{23F4BAA6-838A-4F92-8D80-1BFB09507B3D}"
EndProject
Project("{FAE04EC0-301F-11D3-BF4B-00C04F79EFBC}") = "Dyalect.Test", "Dyalect.Test\Dyalect.Test.csproj", "{E74ABA7B-5A82-46EE-9EBA-6EB0DB5792AA}"
EndProject
Project("{9A19103F-16F7-4668-BE54-9A1E7A4F7556}") = "Dyalect.Library", "Dyalect.Library\Dyalect.Library.csproj", "{9BC82D77-54B0-44DF-B8B0-93E3A00365A0}"
EndProject
Global
	GlobalSection(SolutionConfigurationPlatforms) = preSolution
		Debug|Any CPU = Debug|Any CPU
		Release|Any CPU = Release|Any CPU
	EndGlobalSection
	GlobalSection(ProjectConfigurationPlatforms) = postSolution
		{23F4BAA6-838A-4F92-8D80-1BFB09507B3D}.Debug|Any CPU.ActiveCfg = Debug|Any CPU
		{23F4BAA6-838A-4F92-8D80-1BFB09507B3D}.Debug|Any CPU.Build.0 = Debug|Any CPU
		{23F4BAA6-838A-4F92-8D80-1BFB09507B3D}.Release|Any CPU.ActiveCfg = Release|Any CPU
		{23F4BAA6-838A-4F92-8D80-1BFB09507B3D}.Release|Any CPU.Build.0 = Release|Any CPU
		{E74ABA7B-5A82-46EE-9EBA-6EB0DB5792AA}.Debug|Any CPU.ActiveCfg = Debug|Any CPU
		{E74ABA7B-5A82-46EE-9EBA-6EB0DB5792AA}.Debug|Any CPU.Build.0 = Debug|Any CPU
		{E74ABA7B-5A82-46EE-9EBA-6EB0DB5792AA}.Release|Any CPU.ActiveCfg = Release|Any CPU
		{E74ABA7B-5A82-46EE-9EBA-6EB0DB5792AA}.Release|Any CPU.Build.0 = Release|Any CPU
		{9BC82D77-54B0-44DF-B8B0-93E3A00365A0}.Debug|Any CPU.ActiveCfg = Debug|Any CPU
		{9BC82D77-54B0-44DF-B8B0-93E3A00365A0}.Debug|Any CPU.Build.0 = Debug|Any CPU
		{9BC82D77-54B0-44DF-B8B0-93E3A00365A0}.Release|Any CPU.ActiveCfg = Release|Any CPU
		{9BC82D77-54B0-44DF-B8B0-93E3A00365A0}.Release|Any CPU.Build.0 = Release|Any CPU
	EndGlobalSection
	GlobalSection(SolutionProperties) = preSolution
		HideSolutionNode = FALSE
	EndGlobalSection
	GlobalSection(ExtensibilityGlobals) = postSolution
		SolutionGuid = {372D4D76-B9AB-4F57-AF89-4C99BCEECECA}
	EndGlobalSection
EndGlobal
